
Microsoft Visual Studio Solution File, Format Version 12.00
# Visual Studio 15
VisualStudioVersion = 15.0.27703.2042
MinimumVisualStudioVersion = 10.0.40219.1
Project("{FAE04EC0-301F-11D3-BF4B-00C04F79EFBC}") = "Server", "Server\Server.csproj", "{F6859DB0-490E-480A-A227-1D6B55A3D6EB}"
EndProject
Project("{FAE04EC0-301F-11D3-BF4B-00C04F79EFBC}") = "Client", "Client\Client.csproj", "{9F685D56-48F3-4761-82AD-4D69C478CA14}"
EndProject
Global
	GlobalSection(SolutionConfigurationPlatforms) = preSolution
		Debug|Any CPU = Debug|Any CPU
		Release|Any CPU = Release|Any CPU
	EndGlobalSection
	GlobalSection(ProjectConfigurationPlatforms) = postSolution
		{F6859DB0-490E-480A-A227-1D6B55A3D6EB}.Debug|Any CPU.ActiveCfg = Debug|Any CPU
		{F6859DB0-490E-480A-A227-1D6B55A3D6EB}.Debug|Any CPU.Build.0 = Debug|Any CPU
		{F6859DB0-490E-480A-A227-1D6B55A3D6EB}.Release|Any CPU.ActiveCfg = Release|Any CPU
		{F6859DB0-490E-480A-A227-1D6B55A3D6EB}.Release|Any CPU.Build.0 = Release|Any CPU
		{9F685D56-48F3-4761-82AD-4D69C478CA14}.Debug|Any CPU.ActiveCfg = Debug|Any CPU
		{9F685D56-48F3-4761-82AD-4D69C478CA14}.Debug|Any CPU.Build.0 = Debug|Any CPU
		{9F685D56-48F3-4761-82AD-4D69C478CA14}.Release|Any CPU.ActiveCfg = Release|Any CPU
		{9F685D56-48F3-4761-82AD-4D69C478CA14}.Release|Any CPU.Build.0 = Release|Any CPU
	EndGlobalSection
	GlobalSection(SolutionProperties) = preSolution
		HideSolutionNode = FALSE
	EndGlobalSection
	GlobalSection(ExtensibilityGlobals) = postSolution
		SolutionGuid = {ECB34070-24A9-45F4-BA34-5938D81B32F3}
	EndGlobalSection
EndGlobal
